// !$*UTF8*$!
{
	archiveVersion = 1;
	classes = {
	};
	objectVersion = 55;
	objects = {

/* Begin PBXBuildFile section */
		C70F428B28C79F7900B42573 /* FeedCachePolicy.swift in Sources */ = {isa = PBXBuildFile; fileRef = C70F428A28C79F7900B42573 /* FeedCachePolicy.swift */; };
		C725FD01288C909B00BA4D5B /* FeedItem.swift in Sources */ = {isa = PBXBuildFile; fileRef = C725FD00288C909B00BA4D5B /* FeedItem.swift */; };
		C725FD03288C920700BA4D5B /* FeedLoader.swift in Sources */ = {isa = PBXBuildFile; fileRef = C725FD02288C920700BA4D5B /* FeedLoader.swift */; };
		C725FD0E288EE4F700BA4D5B /* EssentialFeedTests.swift in Sources */ = {isa = PBXBuildFile; fileRef = C725FD0D288EE4F700BA4D5B /* EssentialFeedTests.swift */; };
		C725FD17288F001C00BA4D5B /* RemoteFeedLoader.swift in Sources */ = {isa = PBXBuildFile; fileRef = C725FD16288F001C00BA4D5B /* RemoteFeedLoader.swift */; };
		C725FD1F288F018800BA4D5B /* PlanningTests.swift in Sources */ = {isa = PBXBuildFile; fileRef = C725FD1E288F018800BA4D5B /* PlanningTests.swift */; };
		C725FD25288F019100BA4D5B /* LoadFeedFromRemoteUseCaseTests.swift in Sources */ = {isa = PBXBuildFile; fileRef = C725FD05288EE3FC00BA4D5B /* LoadFeedFromRemoteUseCaseTests.swift */; };
		C725FD272891D29300BA4D5B /* HTTPClient.swift in Sources */ = {isa = PBXBuildFile; fileRef = C725FD262891D29300BA4D5B /* HTTPClient.swift */; };
		C725FD292891D31700BA4D5B /* FeedItemsMapper.swift in Sources */ = {isa = PBXBuildFile; fileRef = C725FD282891D31700BA4D5B /* FeedItemsMapper.swift */; };
		C725FD2D289310F200BA4D5B /* URLSessionHTTPClient.swift in Sources */ = {isa = PBXBuildFile; fileRef = C725FD2B289310DD00BA4D5B /* URLSessionHTTPClient.swift */; };
		C725FD302898512E00BA4D5B /* XCTestCase+MemoryLeakTracking.swift in Sources */ = {isa = PBXBuildFile; fileRef = C725FD2F2898512E00BA4D5B /* XCTestCase+MemoryLeakTracking.swift */; };
		C725FD3228996A1F00BA4D5B /* URLSessionHTTPClient.swift in Sources */ = {isa = PBXBuildFile; fileRef = C725FD3128996A1F00BA4D5B /* URLSessionHTTPClient.swift */; };
		C725FD3E2899725700BA4D5B /* EssentialFeedAPIEndToEndTests.swift in Sources */ = {isa = PBXBuildFile; fileRef = C725FD3D2899725700BA4D5B /* EssentialFeedAPIEndToEndTests.swift */; };
		C725FD4428997A5E00BA4D5B /* XCTestCase+MemoryLeakTracking.swift in Sources */ = {isa = PBXBuildFile; fileRef = C725FD2F2898512E00BA4D5B /* XCTestCase+MemoryLeakTracking.swift */; };
		C79AF01C287F7508000672B0 /* AppDelegate.swift in Sources */ = {isa = PBXBuildFile; fileRef = C79AF01B287F7508000672B0 /* AppDelegate.swift */; };
		C79AF01E287F7508000672B0 /* SceneDelegate.swift in Sources */ = {isa = PBXBuildFile; fileRef = C79AF01D287F7508000672B0 /* SceneDelegate.swift */; };
		C79AF020287F7508000672B0 /* ViewController.swift in Sources */ = {isa = PBXBuildFile; fileRef = C79AF01F287F7508000672B0 /* ViewController.swift */; };
		C79AF023287F7508000672B0 /* Main.storyboard in Resources */ = {isa = PBXBuildFile; fileRef = C79AF021287F7508000672B0 /* Main.storyboard */; };
		C79AF025287F750B000672B0 /* Assets.xcassets in Resources */ = {isa = PBXBuildFile; fileRef = C79AF024287F750B000672B0 /* Assets.xcassets */; };
		C79AF028287F750B000672B0 /* LaunchScreen.storyboard in Resources */ = {isa = PBXBuildFile; fileRef = C79AF026287F750B000672B0 /* LaunchScreen.storyboard */; };
		C79CAE5628CBE965001EF004 /* CodableFeedStoreTests.swift in Sources */ = {isa = PBXBuildFile; fileRef = C79CAE5528CBE965001EF004 /* CodableFeedStoreTests.swift */; };
		C7C0E1C628D13B6000F0C4B0 /* CodableFeedStore.swift in Sources */ = {isa = PBXBuildFile; fileRef = C7C0E1C528D13B6000F0C4B0 /* CodableFeedStore.swift */; };
		C7D278A928B680170037BC12 /* LoadFeedFromCacheUseCaseTests.swift in Sources */ = {isa = PBXBuildFile; fileRef = C7D278A628B67EAE0037BC12 /* LoadFeedFromCacheUseCaseTests.swift */; };
		C7D278AB28B680FB0037BC12 /* CacheFeedUseCaseTests.swift in Sources */ = {isa = PBXBuildFile; fileRef = C7D278AA28B680FB0037BC12 /* CacheFeedUseCaseTests.swift */; };
		C7DFC94728B693F500247DE2 /* FeedStoreSpy.swift in Sources */ = {isa = PBXBuildFile; fileRef = C7D278AE28B690F10037BC12 /* FeedStoreSpy.swift */; };
		C7E0094628AA9CD1005C9780 /* LocalFeedLoader.swift in Sources */ = {isa = PBXBuildFile; fileRef = C7E0094528AA9CD1005C9780 /* LocalFeedLoader.swift */; };
		C7E0094828AA9D6C005C9780 /* FeedStore.swift in Sources */ = {isa = PBXBuildFile; fileRef = C7E0094728AA9D6C005C9780 /* FeedStore.swift */; };
		C7E0094A28B4284D005C9780 /* RemoteFeedItem.swift in Sources */ = {isa = PBXBuildFile; fileRef = C7E0094928B4284D005C9780 /* RemoteFeedItem.swift */; };
		C7E0094C28B428C6005C9780 /* LocalFeedImage.swift in Sources */ = {isa = PBXBuildFile; fileRef = C7E0094B28B428C6005C9780 /* LocalFeedImage.swift */; };
		C7EC7F6128C13B050016D82A /* ValidateFeedCacheUseCaseTests.swift in Sources */ = {isa = PBXBuildFile; fileRef = C7DFC94A28C1389C00247DE2 /* ValidateFeedCacheUseCaseTests.swift */; };
		C7EC7F6328C13FF00016D82A /* FeedCacheTestHelpers.swift in Sources */ = {isa = PBXBuildFile; fileRef = C7EC7F6228C13FF00016D82A /* FeedCacheTestHelpers.swift */; };
		C7EC7F6528C1401F0016D82A /* SharedTestHelpers.swift in Sources */ = {isa = PBXBuildFile; fileRef = C7EC7F6428C1401F0016D82A /* SharedTestHelpers.swift */; };
/* End PBXBuildFile section */

/* Begin PBXContainerItemProxy section */
		C725FD0F288EE4F700BA4D5B /* PBXContainerItemProxy */ = {
			isa = PBXContainerItemProxy;
			containerPortal = C79AF010287F7508000672B0 /* Project object */;
			proxyType = 1;
			remoteGlobalIDString = C79AF017287F7508000672B0;
			remoteInfo = Planning;
		};
		C725FD20288F018800BA4D5B /* PBXContainerItemProxy */ = {
			isa = PBXContainerItemProxy;
			containerPortal = C79AF010287F7508000672B0 /* Project object */;
			proxyType = 1;
			remoteGlobalIDString = C79AF017287F7508000672B0;
			remoteInfo = Planning;
		};
		C725FD3F2899725700BA4D5B /* PBXContainerItemProxy */ = {
			isa = PBXContainerItemProxy;
			containerPortal = C79AF010287F7508000672B0 /* Project object */;
			proxyType = 1;
			remoteGlobalIDString = C79AF017287F7508000672B0;
			remoteInfo = Planning;
		};
/* End PBXContainerItemProxy section */

/* Begin PBXFileReference section */
		C70F428A28C79F7900B42573 /* FeedCachePolicy.swift */ = {isa = PBXFileReference; lastKnownFileType = sourcecode.swift; path = FeedCachePolicy.swift; sourceTree = "<group>"; };
		C725FD00288C909B00BA4D5B /* FeedItem.swift */ = {isa = PBXFileReference; lastKnownFileType = sourcecode.swift; path = FeedItem.swift; sourceTree = "<group>"; };
		C725FD02288C920700BA4D5B /* FeedLoader.swift */ = {isa = PBXFileReference; lastKnownFileType = sourcecode.swift; path = FeedLoader.swift; sourceTree = "<group>"; };
		C725FD05288EE3FC00BA4D5B /* LoadFeedFromRemoteUseCaseTests.swift */ = {isa = PBXFileReference; lastKnownFileType = sourcecode.swift; path = LoadFeedFromRemoteUseCaseTests.swift; sourceTree = "<group>"; };
		C725FD0B288EE4F600BA4D5B /* EssentialFeedTests.xctest */ = {isa = PBXFileReference; explicitFileType = wrapper.cfbundle; includeInIndex = 0; path = EssentialFeedTests.xctest; sourceTree = BUILT_PRODUCTS_DIR; };
		C725FD0D288EE4F700BA4D5B /* EssentialFeedTests.swift */ = {isa = PBXFileReference; lastKnownFileType = sourcecode.swift; path = EssentialFeedTests.swift; sourceTree = "<group>"; };
		C725FD16288F001C00BA4D5B /* RemoteFeedLoader.swift */ = {isa = PBXFileReference; lastKnownFileType = sourcecode.swift; path = RemoteFeedLoader.swift; sourceTree = "<group>"; };
		C725FD1C288F018800BA4D5B /* PlanningTests.xctest */ = {isa = PBXFileReference; explicitFileType = wrapper.cfbundle; includeInIndex = 0; path = PlanningTests.xctest; sourceTree = BUILT_PRODUCTS_DIR; };
		C725FD1E288F018800BA4D5B /* PlanningTests.swift */ = {isa = PBXFileReference; lastKnownFileType = sourcecode.swift; path = PlanningTests.swift; sourceTree = "<group>"; };
		C725FD262891D29300BA4D5B /* HTTPClient.swift */ = {isa = PBXFileReference; lastKnownFileType = sourcecode.swift; path = HTTPClient.swift; sourceTree = "<group>"; };
		C725FD282891D31700BA4D5B /* FeedItemsMapper.swift */ = {isa = PBXFileReference; lastKnownFileType = sourcecode.swift; path = FeedItemsMapper.swift; sourceTree = "<group>"; };
		C725FD2B289310DD00BA4D5B /* URLSessionHTTPClient.swift */ = {isa = PBXFileReference; lastKnownFileType = sourcecode.swift; path = URLSessionHTTPClient.swift; sourceTree = "<group>"; };
		C725FD2F2898512E00BA4D5B /* XCTestCase+MemoryLeakTracking.swift */ = {isa = PBXFileReference; lastKnownFileType = sourcecode.swift; path = "XCTestCase+MemoryLeakTracking.swift"; sourceTree = "<group>"; };
		C725FD3128996A1F00BA4D5B /* URLSessionHTTPClient.swift */ = {isa = PBXFileReference; lastKnownFileType = sourcecode.swift; path = URLSessionHTTPClient.swift; sourceTree = "<group>"; };
		C725FD3B2899725700BA4D5B /* EssentialFeedAPIEndToEndTests.xctest */ = {isa = PBXFileReference; explicitFileType = wrapper.cfbundle; includeInIndex = 0; path = EssentialFeedAPIEndToEndTests.xctest; sourceTree = BUILT_PRODUCTS_DIR; };
		C725FD3D2899725700BA4D5B /* EssentialFeedAPIEndToEndTests.swift */ = {isa = PBXFileReference; lastKnownFileType = sourcecode.swift; path = EssentialFeedAPIEndToEndTests.swift; sourceTree = "<group>"; };
		C79AF018287F7508000672B0 /* Planning.app */ = {isa = PBXFileReference; explicitFileType = wrapper.application; includeInIndex = 0; path = Planning.app; sourceTree = BUILT_PRODUCTS_DIR; };
		C79AF01B287F7508000672B0 /* AppDelegate.swift */ = {isa = PBXFileReference; lastKnownFileType = sourcecode.swift; path = AppDelegate.swift; sourceTree = "<group>"; };
		C79AF01D287F7508000672B0 /* SceneDelegate.swift */ = {isa = PBXFileReference; lastKnownFileType = sourcecode.swift; path = SceneDelegate.swift; sourceTree = "<group>"; };
		C79AF01F287F7508000672B0 /* ViewController.swift */ = {isa = PBXFileReference; lastKnownFileType = sourcecode.swift; path = ViewController.swift; sourceTree = "<group>"; };
		C79AF022287F7508000672B0 /* Base */ = {isa = PBXFileReference; lastKnownFileType = file.storyboard; name = Base; path = Base.lproj/Main.storyboard; sourceTree = "<group>"; };
		C79AF024287F750B000672B0 /* Assets.xcassets */ = {isa = PBXFileReference; lastKnownFileType = folder.assetcatalog; path = Assets.xcassets; sourceTree = "<group>"; };
		C79AF027287F750B000672B0 /* Base */ = {isa = PBXFileReference; lastKnownFileType = file.storyboard; name = Base; path = Base.lproj/LaunchScreen.storyboard; sourceTree = "<group>"; };
		C79AF029287F750B000672B0 /* Info.plist */ = {isa = PBXFileReference; lastKnownFileType = text.plist.xml; path = Info.plist; sourceTree = "<group>"; };
		C79CAE5528CBE965001EF004 /* CodableFeedStoreTests.swift */ = {isa = PBXFileReference; lastKnownFileType = sourcecode.swift; path = CodableFeedStoreTests.swift; sourceTree = "<group>"; };
		C7C0E1C528D13B6000F0C4B0 /* CodableFeedStore.swift */ = {isa = PBXFileReference; lastKnownFileType = sourcecode.swift; path = CodableFeedStore.swift; sourceTree = "<group>"; };
		C7D278A628B67EAE0037BC12 /* LoadFeedFromCacheUseCaseTests.swift */ = {isa = PBXFileReference; lastKnownFileType = sourcecode.swift; path = LoadFeedFromCacheUseCaseTests.swift; sourceTree = "<group>"; };
		C7D278AA28B680FB0037BC12 /* CacheFeedUseCaseTests.swift */ = {isa = PBXFileReference; lastKnownFileType = sourcecode.swift; path = CacheFeedUseCaseTests.swift; sourceTree = "<group>"; };
		C7D278AE28B690F10037BC12 /* FeedStoreSpy.swift */ = {isa = PBXFileReference; lastKnownFileType = sourcecode.swift; path = FeedStoreSpy.swift; sourceTree = "<group>"; };
		C7DFC94A28C1389C00247DE2 /* ValidateFeedCacheUseCaseTests.swift */ = {isa = PBXFileReference; lastKnownFileType = sourcecode.swift; path = ValidateFeedCacheUseCaseTests.swift; sourceTree = "<group>"; };
		C7E0094528AA9CD1005C9780 /* LocalFeedLoader.swift */ = {isa = PBXFileReference; lastKnownFileType = sourcecode.swift; path = LocalFeedLoader.swift; sourceTree = "<group>"; };
		C7E0094728AA9D6C005C9780 /* FeedStore.swift */ = {isa = PBXFileReference; lastKnownFileType = sourcecode.swift; path = FeedStore.swift; sourceTree = "<group>"; };
		C7E0094928B4284D005C9780 /* RemoteFeedItem.swift */ = {isa = PBXFileReference; lastKnownFileType = sourcecode.swift; path = RemoteFeedItem.swift; sourceTree = "<group>"; };
		C7E0094B28B428C6005C9780 /* LocalFeedImage.swift */ = {isa = PBXFileReference; lastKnownFileType = sourcecode.swift; path = LocalFeedImage.swift; sourceTree = "<group>"; };
		C7EC7F6228C13FF00016D82A /* FeedCacheTestHelpers.swift */ = {isa = PBXFileReference; lastKnownFileType = sourcecode.swift; path = FeedCacheTestHelpers.swift; sourceTree = "<group>"; };
		C7EC7F6428C1401F0016D82A /* SharedTestHelpers.swift */ = {isa = PBXFileReference; lastKnownFileType = sourcecode.swift; path = SharedTestHelpers.swift; sourceTree = "<group>"; };
/* End PBXFileReference section */

/* Begin PBXFrameworksBuildPhase section */
		C725FD08288EE4F600BA4D5B /* Frameworks */ = {
			isa = PBXFrameworksBuildPhase;
			buildActionMask = 2147483647;
			files = (
			);
			runOnlyForDeploymentPostprocessing = 0;
		};
		C725FD19288F018800BA4D5B /* Frameworks */ = {
			isa = PBXFrameworksBuildPhase;
			buildActionMask = 2147483647;
			files = (
			);
			runOnlyForDeploymentPostprocessing = 0;
		};
		C725FD382899725700BA4D5B /* Frameworks */ = {
			isa = PBXFrameworksBuildPhase;
			buildActionMask = 2147483647;
			files = (
			);
			runOnlyForDeploymentPostprocessing = 0;
		};
		C79AF015287F7508000672B0 /* Frameworks */ = {
			isa = PBXFrameworksBuildPhase;
			buildActionMask = 2147483647;
			files = (
			);
			runOnlyForDeploymentPostprocessing = 0;
		};
/* End PBXFrameworksBuildPhase section */

/* Begin PBXGroup section */
		C725FD04288C92DA00BA4D5B /* Feed Feature */ = {
			isa = PBXGroup;
			children = (
				C725FD00288C909B00BA4D5B /* FeedItem.swift */,
				C725FD02288C920700BA4D5B /* FeedLoader.swift */,
			);
			path = "Feed Feature";
			sourceTree = "<group>";
		};
		C725FD0C288EE4F700BA4D5B /* EssentialFeedTests */ = {
			isa = PBXGroup;
			children = (
				C725FD0D288EE4F700BA4D5B /* EssentialFeedTests.swift */,
			);
			path = EssentialFeedTests;
			sourceTree = "<group>";
		};
		C725FD15288EFFF700BA4D5B /* Feed API */ = {
			isa = PBXGroup;
			children = (
				C725FD16288F001C00BA4D5B /* RemoteFeedLoader.swift */,
				C725FD262891D29300BA4D5B /* HTTPClient.swift */,
				C725FD282891D31700BA4D5B /* FeedItemsMapper.swift */,
				C725FD3128996A1F00BA4D5B /* URLSessionHTTPClient.swift */,
				C7E0094928B4284D005C9780 /* RemoteFeedItem.swift */,
			);
			path = "Feed API";
			sourceTree = "<group>";
		};
		C725FD1D288F018800BA4D5B /* PlanningTests */ = {
			isa = PBXGroup;
			children = (
				C725FD1E288F018800BA4D5B /* PlanningTests.swift */,
				C725FD2E2898510500BA4D5B /* Helpers */,
				C7D278A828B67FF10037BC12 /* Feed Cache */,
				C725FD2A2891DA1700BA4D5B /* Feed API */,
			);
			path = PlanningTests;
			sourceTree = "<group>";
		};
		C725FD2A2891DA1700BA4D5B /* Feed API */ = {
			isa = PBXGroup;
			children = (
				C725FD2B289310DD00BA4D5B /* URLSessionHTTPClient.swift */,
				C725FD05288EE3FC00BA4D5B /* LoadFeedFromRemoteUseCaseTests.swift */,
			);
			path = "Feed API";
			sourceTree = "<group>";
		};
		C725FD2E2898510500BA4D5B /* Helpers */ = {
			isa = PBXGroup;
			children = (
				C725FD2F2898512E00BA4D5B /* XCTestCase+MemoryLeakTracking.swift */,
			);
			path = Helpers;
			sourceTree = "<group>";
		};
		C725FD3C2899725700BA4D5B /* EssentialFeedAPIEndToEndTests */ = {
			isa = PBXGroup;
			children = (
				C725FD3D2899725700BA4D5B /* EssentialFeedAPIEndToEndTests.swift */,
			);
			path = EssentialFeedAPIEndToEndTests;
			sourceTree = "<group>";
		};
		C79AF00F287F7508000672B0 = {
			isa = PBXGroup;
			children = (
				C79AF01A287F7508000672B0 /* Planning */,
				C725FD0C288EE4F700BA4D5B /* EssentialFeedTests */,
				C725FD1D288F018800BA4D5B /* PlanningTests */,
				C725FD3C2899725700BA4D5B /* EssentialFeedAPIEndToEndTests */,
				C79AF019287F7508000672B0 /* Products */,
			);
			sourceTree = "<group>";
		};
		C79AF019287F7508000672B0 /* Products */ = {
			isa = PBXGroup;
			children = (
				C79AF018287F7508000672B0 /* Planning.app */,
				C725FD0B288EE4F600BA4D5B /* EssentialFeedTests.xctest */,
				C725FD1C288F018800BA4D5B /* PlanningTests.xctest */,
				C725FD3B2899725700BA4D5B /* EssentialFeedAPIEndToEndTests.xctest */,
			);
			name = Products;
			sourceTree = "<group>";
		};
		C79AF01A287F7508000672B0 /* Planning */ = {
			isa = PBXGroup;
			children = (
				C79AF01B287F7508000672B0 /* AppDelegate.swift */,
				C79AF01D287F7508000672B0 /* SceneDelegate.swift */,
				C79AF01F287F7508000672B0 /* ViewController.swift */,
				C7E0094228A55C1F005C9780 /* Feed Cache */,
				C725FD04288C92DA00BA4D5B /* Feed Feature */,
				C725FD15288EFFF700BA4D5B /* Feed API */,
				C79AF021287F7508000672B0 /* Main.storyboard */,
				C79AF024287F750B000672B0 /* Assets.xcassets */,
				C79AF026287F750B000672B0 /* LaunchScreen.storyboard */,
				C79AF029287F750B000672B0 /* Info.plist */,
			);
			path = Planning;
			sourceTree = "<group>";
		};
		C7D278A828B67FF10037BC12 /* Feed Cache */ = {
			isa = PBXGroup;
			children = (
				C7DFC94A28C1389C00247DE2 /* ValidateFeedCacheUseCaseTests.swift */,
				C7D278AE28B690F10037BC12 /* FeedStoreSpy.swift */,
				C7D278B028B691DA0037BC12 /* Helpers */,
				C7D278A628B67EAE0037BC12 /* LoadFeedFromCacheUseCaseTests.swift */,
				C7D278AA28B680FB0037BC12 /* CacheFeedUseCaseTests.swift */,
				C79CAE5528CBE965001EF004 /* CodableFeedStoreTests.swift */,
				C7EC7F6228C13FF00016D82A /* FeedCacheTestHelpers.swift */,
				C7EC7F6428C1401F0016D82A /* SharedTestHelpers.swift */,
			);
			path = "Feed Cache";
			sourceTree = "<group>";
		};
		C7D278B028B691DA0037BC12 /* Helpers */ = {
			isa = PBXGroup;
			children = (
			);
			path = Helpers;
			sourceTree = "<group>";
		};
		C7E0094228A55C1F005C9780 /* Feed Cache */ = {
			isa = PBXGroup;
			children = (
				C7E0094528AA9CD1005C9780 /* LocalFeedLoader.swift */,
				C7E0094728AA9D6C005C9780 /* FeedStore.swift */,
				C7E0094B28B428C6005C9780 /* LocalFeedImage.swift */,
				C70F428A28C79F7900B42573 /* FeedCachePolicy.swift */,
				C7C0E1C528D13B6000F0C4B0 /* CodableFeedStore.swift */,
			);
			path = "Feed Cache";
			sourceTree = "<group>";
		};
/* End PBXGroup section */

/* Begin PBXNativeTarget section */
		C725FD0A288EE4F600BA4D5B /* EssentialFeedTests */ = {
			isa = PBXNativeTarget;
			buildConfigurationList = C725FD11288EE4F700BA4D5B /* Build configuration list for PBXNativeTarget "EssentialFeedTests" */;
			buildPhases = (
				C725FD07288EE4F600BA4D5B /* Sources */,
				C725FD08288EE4F600BA4D5B /* Frameworks */,
				C725FD09288EE4F600BA4D5B /* Resources */,
			);
			buildRules = (
			);
			dependencies = (
				C725FD10288EE4F700BA4D5B /* PBXTargetDependency */,
			);
			name = EssentialFeedTests;
			productName = EssentialFeedTests;
			productReference = C725FD0B288EE4F600BA4D5B /* EssentialFeedTests.xctest */;
			productType = "com.apple.product-type.bundle.unit-test";
		};
		C725FD1B288F018800BA4D5B /* PlanningTests */ = {
			isa = PBXNativeTarget;
			buildConfigurationList = C725FD22288F018800BA4D5B /* Build configuration list for PBXNativeTarget "PlanningTests" */;
			buildPhases = (
				C725FD18288F018800BA4D5B /* Sources */,
				C725FD19288F018800BA4D5B /* Frameworks */,
				C725FD1A288F018800BA4D5B /* Resources */,
			);
			buildRules = (
			);
			dependencies = (
				C725FD21288F018800BA4D5B /* PBXTargetDependency */,
			);
			name = PlanningTests;
			productName = PlanningTests;
			productReference = C725FD1C288F018800BA4D5B /* PlanningTests.xctest */;
			productType = "com.apple.product-type.bundle.unit-test";
		};
		C725FD3A2899725700BA4D5B /* EssentialFeedAPIEndToEndTests */ = {
			isa = PBXNativeTarget;
			buildConfigurationList = C725FD412899725700BA4D5B /* Build configuration list for PBXNativeTarget "EssentialFeedAPIEndToEndTests" */;
			buildPhases = (
				C725FD372899725700BA4D5B /* Sources */,
				C725FD382899725700BA4D5B /* Frameworks */,
				C725FD392899725700BA4D5B /* Resources */,
			);
			buildRules = (
			);
			dependencies = (
				C725FD402899725700BA4D5B /* PBXTargetDependency */,
			);
			name = EssentialFeedAPIEndToEndTests;
			productName = EssentialFeedAPIEndToEndTests;
			productReference = C725FD3B2899725700BA4D5B /* EssentialFeedAPIEndToEndTests.xctest */;
			productType = "com.apple.product-type.bundle.unit-test";
		};
		C79AF017287F7508000672B0 /* Planning */ = {
			isa = PBXNativeTarget;
			buildConfigurationList = C79AF02C287F750B000672B0 /* Build configuration list for PBXNativeTarget "Planning" */;
			buildPhases = (
				C79AF014287F7508000672B0 /* Sources */,
				C79AF015287F7508000672B0 /* Frameworks */,
				C79AF016287F7508000672B0 /* Resources */,
			);
			buildRules = (
			);
			dependencies = (
			);
			name = Planning;
			productName = Planning;
			productReference = C79AF018287F7508000672B0 /* Planning.app */;
			productType = "com.apple.product-type.application";
		};
/* End PBXNativeTarget section */

/* Begin PBXProject section */
		C79AF010287F7508000672B0 /* Project object */ = {
			isa = PBXProject;
			attributes = {
				BuildIndependentTargetsInParallel = 1;
				LastSwiftUpdateCheck = 1340;
				LastUpgradeCheck = 1340;
				TargetAttributes = {
					C725FD0A288EE4F600BA4D5B = {
						CreatedOnToolsVersion = 13.4;
						TestTargetID = C79AF017287F7508000672B0;
					};
					C725FD1B288F018800BA4D5B = {
						CreatedOnToolsVersion = 13.4;
						TestTargetID = C79AF017287F7508000672B0;
					};
					C725FD3A2899725700BA4D5B = {
						CreatedOnToolsVersion = 13.4;
						TestTargetID = C79AF017287F7508000672B0;
					};
					C79AF017287F7508000672B0 = {
						CreatedOnToolsVersion = 13.4;
					};
				};
			};
			buildConfigurationList = C79AF013287F7508000672B0 /* Build configuration list for PBXProject "Planning" */;
			compatibilityVersion = "Xcode 13.0";
			developmentRegion = en;
			hasScannedForEncodings = 0;
			knownRegions = (
				en,
				Base,
			);
			mainGroup = C79AF00F287F7508000672B0;
			productRefGroup = C79AF019287F7508000672B0 /* Products */;
			projectDirPath = "";
			projectRoot = "";
			targets = (
				C79AF017287F7508000672B0 /* Planning */,
				C725FD0A288EE4F600BA4D5B /* EssentialFeedTests */,
				C725FD1B288F018800BA4D5B /* PlanningTests */,
				C725FD3A2899725700BA4D5B /* EssentialFeedAPIEndToEndTests */,
			);
		};
/* End PBXProject section */

/* Begin PBXResourcesBuildPhase section */
		C725FD09288EE4F600BA4D5B /* Resources */ = {
			isa = PBXResourcesBuildPhase;
			buildActionMask = 2147483647;
			files = (
			);
			runOnlyForDeploymentPostprocessing = 0;
		};
		C725FD1A288F018800BA4D5B /* Resources */ = {
			isa = PBXResourcesBuildPhase;
			buildActionMask = 2147483647;
			files = (
			);
			runOnlyForDeploymentPostprocessing = 0;
		};
		C725FD392899725700BA4D5B /* Resources */ = {
			isa = PBXResourcesBuildPhase;
			buildActionMask = 2147483647;
			files = (
			);
			runOnlyForDeploymentPostprocessing = 0;
		};
		C79AF016287F7508000672B0 /* Resources */ = {
			isa = PBXResourcesBuildPhase;
			buildActionMask = 2147483647;
			files = (
				C79AF028287F750B000672B0 /* LaunchScreen.storyboard in Resources */,
				C79AF025287F750B000672B0 /* Assets.xcassets in Resources */,
				C79AF023287F7508000672B0 /* Main.storyboard in Resources */,
			);
			runOnlyForDeploymentPostprocessing = 0;
		};
/* End PBXResourcesBuildPhase section */

/* Begin PBXSourcesBuildPhase section */
		C725FD07288EE4F600BA4D5B /* Sources */ = {
			isa = PBXSourcesBuildPhase;
			buildActionMask = 2147483647;
			files = (
				C7EC7F6128C13B050016D82A /* ValidateFeedCacheUseCaseTests.swift in Sources */,
				C7E0094628AA9CD1005C9780 /* LocalFeedLoader.swift in Sources */,
				C725FD0E288EE4F700BA4D5B /* EssentialFeedTests.swift in Sources */,
				C7DFC94728B693F500247DE2 /* FeedStoreSpy.swift in Sources */,
				C7D278A928B680170037BC12 /* LoadFeedFromCacheUseCaseTests.swift in Sources */,
				C7D278AB28B680FB0037BC12 /* CacheFeedUseCaseTests.swift in Sources */,
				C7E0094828AA9D6C005C9780 /* FeedStore.swift in Sources */,
			);
			runOnlyForDeploymentPostprocessing = 0;
		};
		C725FD18288F018800BA4D5B /* Sources */ = {
			isa = PBXSourcesBuildPhase;
			buildActionMask = 2147483647;
			files = (
				C725FD25288F019100BA4D5B /* LoadFeedFromRemoteUseCaseTests.swift in Sources */,
				C725FD302898512E00BA4D5B /* XCTestCase+MemoryLeakTracking.swift in Sources */,
				C7EC7F6528C1401F0016D82A /* SharedTestHelpers.swift in Sources */,
				C725FD1F288F018800BA4D5B /* PlanningTests.swift in Sources */,
				C7EC7F6328C13FF00016D82A /* FeedCacheTestHelpers.swift in Sources */,
				C725FD2D289310F200BA4D5B /* URLSessionHTTPClient.swift in Sources */,
			);
			runOnlyForDeploymentPostprocessing = 0;
		};
		C725FD372899725700BA4D5B /* Sources */ = {
			isa = PBXSourcesBuildPhase;
			buildActionMask = 2147483647;
			files = (
				C725FD3E2899725700BA4D5B /* EssentialFeedAPIEndToEndTests.swift in Sources */,
				C725FD4428997A5E00BA4D5B /* XCTestCase+MemoryLeakTracking.swift in Sources */,
			);
			runOnlyForDeploymentPostprocessing = 0;
		};
		C79AF014287F7508000672B0 /* Sources */ = {
			isa = PBXSourcesBuildPhase;
			buildActionMask = 2147483647;
			files = (
				C7E0094C28B428C6005C9780 /* LocalFeedImage.swift in Sources */,
				C725FD01288C909B00BA4D5B /* FeedItem.swift in Sources */,
				C79AF020287F7508000672B0 /* ViewController.swift in Sources */,
				C79AF01C287F7508000672B0 /* AppDelegate.swift in Sources */,
				C725FD292891D31700BA4D5B /* FeedItemsMapper.swift in Sources */,
				C725FD272891D29300BA4D5B /* HTTPClient.swift in Sources */,
				C725FD03288C920700BA4D5B /* FeedLoader.swift in Sources */,
				C7E0094A28B4284D005C9780 /* RemoteFeedItem.swift in Sources */,
				C7C0E1C628D13B6000F0C4B0 /* CodableFeedStore.swift in Sources */,
				C70F428B28C79F7900B42573 /* FeedCachePolicy.swift in Sources */,
				C725FD17288F001C00BA4D5B /* RemoteFeedLoader.swift in Sources */,
				C79AF01E287F7508000672B0 /* SceneDelegate.swift in Sources */,
				C79CAE5628CBE965001EF004 /* CodableFeedStoreTests.swift in Sources */,
				C725FD3228996A1F00BA4D5B /* URLSessionHTTPClient.swift in Sources */,
			);
			runOnlyForDeploymentPostprocessing = 0;
		};
/* End PBXSourcesBuildPhase section */

/* Begin PBXTargetDependency section */
		C725FD10288EE4F700BA4D5B /* PBXTargetDependency */ = {
			isa = PBXTargetDependency;
			target = C79AF017287F7508000672B0 /* Planning */;
			targetProxy = C725FD0F288EE4F700BA4D5B /* PBXContainerItemProxy */;
		};
		C725FD21288F018800BA4D5B /* PBXTargetDependency */ = {
			isa = PBXTargetDependency;
			target = C79AF017287F7508000672B0 /* Planning */;
			targetProxy = C725FD20288F018800BA4D5B /* PBXContainerItemProxy */;
		};
		C725FD402899725700BA4D5B /* PBXTargetDependency */ = {
			isa = PBXTargetDependency;
			target = C79AF017287F7508000672B0 /* Planning */;
			targetProxy = C725FD3F2899725700BA4D5B /* PBXContainerItemProxy */;
		};
/* End PBXTargetDependency section */

/* Begin PBXVariantGroup section */
		C79AF021287F7508000672B0 /* Main.storyboard */ = {
			isa = PBXVariantGroup;
			children = (
				C79AF022287F7508000672B0 /* Base */,
			);
			name = Main.storyboard;
			sourceTree = "<group>";
		};
		C79AF026287F750B000672B0 /* LaunchScreen.storyboard */ = {
			isa = PBXVariantGroup;
			children = (
				C79AF027287F750B000672B0 /* Base */,
			);
			name = LaunchScreen.storyboard;
			sourceTree = "<group>";
		};
/* End PBXVariantGroup section */

/* Begin XCBuildConfiguration section */
		C725FD12288EE4F700BA4D5B /* Debug */ = {
			isa = XCBuildConfiguration;
			buildSettings = {
				BUNDLE_LOADER = "$(TEST_HOST)";
				CODE_SIGN_STYLE = Automatic;
				CURRENT_PROJECT_VERSION = 1;
				DEVELOPMENT_TEAM = 7YXV5KMMJM;
				GENERATE_INFOPLIST_FILE = YES;
				MARKETING_VERSION = 1.0;
				PRODUCT_BUNDLE_IDENTIFIER = com.TheWing.EssentialFeedTests;
				PRODUCT_NAME = "$(TARGET_NAME)";
				SWIFT_EMIT_LOC_STRINGS = NO;
				SWIFT_VERSION = 5.0;
				TARGETED_DEVICE_FAMILY = "1,2";
				TEST_HOST = "$(BUILT_PRODUCTS_DIR)/Planning.app/Planning";
			};
			name = Debug;
		};
		C725FD13288EE4F700BA4D5B /* Release */ = {
			isa = XCBuildConfiguration;
			buildSettings = {
				BUNDLE_LOADER = "$(TEST_HOST)";
				CODE_SIGN_STYLE = Automatic;
				CURRENT_PROJECT_VERSION = 1;
				DEVELOPMENT_TEAM = 7YXV5KMMJM;
				GENERATE_INFOPLIST_FILE = YES;
				MARKETING_VERSION = 1.0;
				PRODUCT_BUNDLE_IDENTIFIER = com.TheWing.EssentialFeedTests;
				PRODUCT_NAME = "$(TARGET_NAME)";
				SWIFT_EMIT_LOC_STRINGS = NO;
				SWIFT_VERSION = 5.0;
				TARGETED_DEVICE_FAMILY = "1,2";
				TEST_HOST = "$(BUILT_PRODUCTS_DIR)/Planning.app/Planning";
			};
			name = Release;
		};
		C725FD23288F018800BA4D5B /* Debug */ = {
			isa = XCBuildConfiguration;
			buildSettings = {
				BUNDLE_LOADER = "$(TEST_HOST)";
				CODE_SIGN_STYLE = Automatic;
				CURRENT_PROJECT_VERSION = 1;
				DEVELOPMENT_TEAM = 7YXV5KMMJM;
				GENERATE_INFOPLIST_FILE = YES;
				MARKETING_VERSION = 1.0;
				PRODUCT_BUNDLE_IDENTIFIER = com.TheWing.PlanningTests;
				PRODUCT_NAME = "$(TARGET_NAME)";
				SWIFT_EMIT_LOC_STRINGS = NO;
				SWIFT_VERSION = 5.0;
				TARGETED_DEVICE_FAMILY = "1,2";
				TEST_HOST = "$(BUILT_PRODUCTS_DIR)/Planning.app/Planning";
			};
			name = Debug;
		};
		C725FD24288F018800BA4D5B /* Release */ = {
			isa = XCBuildConfiguration;
			buildSettings = {
				BUNDLE_LOADER = "$(TEST_HOST)";
				CODE_SIGN_STYLE = Automatic;
				CURRENT_PROJECT_VERSION = 1;
				DEVELOPMENT_TEAM = 7YXV5KMMJM;
				GENERATE_INFOPLIST_FILE = YES;
				MARKETING_VERSION = 1.0;
				PRODUCT_BUNDLE_IDENTIFIER = com.TheWing.PlanningTests;
				PRODUCT_NAME = "$(TARGET_NAME)";
				SWIFT_EMIT_LOC_STRINGS = NO;
				SWIFT_VERSION = 5.0;
				TARGETED_DEVICE_FAMILY = "1,2";
				TEST_HOST = "$(BUILT_PRODUCTS_DIR)/Planning.app/Planning";
			};
			name = Release;
		};
		C725FD422899725700BA4D5B /* Debug */ = {
			isa = XCBuildConfiguration;
			buildSettings = {
				BUNDLE_LOADER = "$(TEST_HOST)";
				CODE_SIGN_STYLE = Automatic;
				CURRENT_PROJECT_VERSION = 1;
				DEVELOPMENT_TEAM = 7YXV5KMMJM;
				GENERATE_INFOPLIST_FILE = YES;
				MARKETING_VERSION = 1.0;
				PRODUCT_BUNDLE_IDENTIFIER = com.TheWing.EssentialFeedAPIEndToEndTests;
				PRODUCT_NAME = "$(TARGET_NAME)";
				SWIFT_EMIT_LOC_STRINGS = NO;
				SWIFT_VERSION = 5.0;
				TARGETED_DEVICE_FAMILY = "1,2";
				TEST_HOST = "$(BUILT_PRODUCTS_DIR)/Planning.app/Planning";
			};
			name = Debug;
		};
		C725FD432899725700BA4D5B /* Release */ = {
			isa = XCBuildConfiguration;
			buildSettings = {
				BUNDLE_LOADER = "$(TEST_HOST)";
				CODE_SIGN_STYLE = Automatic;
				CURRENT_PROJECT_VERSION = 1;
				DEVELOPMENT_TEAM = 7YXV5KMMJM;
				GENERATE_INFOPLIST_FILE = YES;
				MARKETING_VERSION = 1.0;
				PRODUCT_BUNDLE_IDENTIFIER = com.TheWing.EssentialFeedAPIEndToEndTests;
				PRODUCT_NAME = "$(TARGET_NAME)";
				SWIFT_EMIT_LOC_STRINGS = NO;
				SWIFT_VERSION = 5.0;
				TARGETED_DEVICE_FAMILY = "1,2";
				TEST_HOST = "$(BUILT_PRODUCTS_DIR)/Planning.app/Planning";
			};
			name = Release;
		};
		C79AF02A287F750B000672B0 /* Debug */ = {
			isa = XCBuildConfiguration;
			buildSettings = {
				ALWAYS_SEARCH_USER_PATHS = NO;
				CLANG_ANALYZER_NONNULL = YES;
				CLANG_ANALYZER_NUMBER_OBJECT_CONVERSION = YES_AGGRESSIVE;
				CLANG_CXX_LANGUAGE_STANDARD = "gnu++17";
				CLANG_ENABLE_MODULES = YES;
				CLANG_ENABLE_OBJC_ARC = YES;
				CLANG_ENABLE_OBJC_WEAK = YES;
				CLANG_WARN_BLOCK_CAPTURE_AUTORELEASING = YES;
				CLANG_WARN_BOOL_CONVERSION = YES;
				CLANG_WARN_COMMA = YES;
				CLANG_WARN_CONSTANT_CONVERSION = YES;
				CLANG_WARN_DEPRECATED_OBJC_IMPLEMENTATIONS = YES;
				CLANG_WARN_DIRECT_OBJC_ISA_USAGE = YES_ERROR;
				CLANG_WARN_DOCUMENTATION_COMMENTS = YES;
				CLANG_WARN_EMPTY_BODY = YES;
				CLANG_WARN_ENUM_CONVERSION = YES;
				CLANG_WARN_INFINITE_RECURSION = YES;
				CLANG_WARN_INT_CONVERSION = YES;
				CLANG_WARN_NON_LITERAL_NULL_CONVERSION = YES;
				CLANG_WARN_OBJC_IMPLICIT_RETAIN_SELF = YES;
				CLANG_WARN_OBJC_LITERAL_CONVERSION = YES;
				CLANG_WARN_OBJC_ROOT_CLASS = YES_ERROR;
				CLANG_WARN_QUOTED_INCLUDE_IN_FRAMEWORK_HEADER = YES;
				CLANG_WARN_RANGE_LOOP_ANALYSIS = YES;
				CLANG_WARN_STRICT_PROTOTYPES = YES;
				CLANG_WARN_SUSPICIOUS_MOVE = YES;
				CLANG_WARN_UNGUARDED_AVAILABILITY = YES_AGGRESSIVE;
				CLANG_WARN_UNREACHABLE_CODE = YES;
				CLANG_WARN__DUPLICATE_METHOD_MATCH = YES;
				COPY_PHASE_STRIP = NO;
				DEBUG_INFORMATION_FORMAT = dwarf;
				ENABLE_STRICT_OBJC_MSGSEND = YES;
				ENABLE_TESTABILITY = YES;
				GCC_C_LANGUAGE_STANDARD = gnu11;
				GCC_DYNAMIC_NO_PIC = NO;
				GCC_NO_COMMON_BLOCKS = YES;
				GCC_OPTIMIZATION_LEVEL = 0;
				GCC_PREPROCESSOR_DEFINITIONS = (
					"DEBUG=1",
					"$(inherited)",
				);
				GCC_WARN_64_TO_32_BIT_CONVERSION = YES;
				GCC_WARN_ABOUT_RETURN_TYPE = YES_ERROR;
				GCC_WARN_UNDECLARED_SELECTOR = YES;
				GCC_WARN_UNINITIALIZED_AUTOS = YES_AGGRESSIVE;
				GCC_WARN_UNUSED_FUNCTION = YES;
				GCC_WARN_UNUSED_VARIABLE = YES;
				IPHONEOS_DEPLOYMENT_TARGET = 15.5;
				MTL_ENABLE_DEBUG_INFO = INCLUDE_SOURCE;
				MTL_FAST_MATH = YES;
				ONLY_ACTIVE_ARCH = YES;
				SDKROOT = iphoneos;
				SWIFT_ACTIVE_COMPILATION_CONDITIONS = DEBUG;
				SWIFT_OPTIMIZATION_LEVEL = "-Onone";
			};
			name = Debug;
		};
		C79AF02B287F750B000672B0 /* Release */ = {
			isa = XCBuildConfiguration;
			buildSettings = {
				ALWAYS_SEARCH_USER_PATHS = NO;
				CLANG_ANALYZER_NONNULL = YES;
				CLANG_ANALYZER_NUMBER_OBJECT_CONVERSION = YES_AGGRESSIVE;
				CLANG_CXX_LANGUAGE_STANDARD = "gnu++17";
				CLANG_ENABLE_MODULES = YES;
				CLANG_ENABLE_OBJC_ARC = YES;
				CLANG_ENABLE_OBJC_WEAK = YES;
				CLANG_WARN_BLOCK_CAPTURE_AUTORELEASING = YES;
				CLANG_WARN_BOOL_CONVERSION = YES;
				CLANG_WARN_COMMA = YES;
				CLANG_WARN_CONSTANT_CONVERSION = YES;
				CLANG_WARN_DEPRECATED_OBJC_IMPLEMENTATIONS = YES;
				CLANG_WARN_DIRECT_OBJC_ISA_USAGE = YES_ERROR;
				CLANG_WARN_DOCUMENTATION_COMMENTS = YES;
				CLANG_WARN_EMPTY_BODY = YES;
				CLANG_WARN_ENUM_CONVERSION = YES;
				CLANG_WARN_INFINITE_RECURSION = YES;
				CLANG_WARN_INT_CONVERSION = YES;
				CLANG_WARN_NON_LITERAL_NULL_CONVERSION = YES;
				CLANG_WARN_OBJC_IMPLICIT_RETAIN_SELF = YES;
				CLANG_WARN_OBJC_LITERAL_CONVERSION = YES;
				CLANG_WARN_OBJC_ROOT_CLASS = YES_ERROR;
				CLANG_WARN_QUOTED_INCLUDE_IN_FRAMEWORK_HEADER = YES;
				CLANG_WARN_RANGE_LOOP_ANALYSIS = YES;
				CLANG_WARN_STRICT_PROTOTYPES = YES;
				CLANG_WARN_SUSPICIOUS_MOVE = YES;
				CLANG_WARN_UNGUARDED_AVAILABILITY = YES_AGGRESSIVE;
				CLANG_WARN_UNREACHABLE_CODE = YES;
				CLANG_WARN__DUPLICATE_METHOD_MATCH = YES;
				COPY_PHASE_STRIP = NO;
				DEBUG_INFORMATION_FORMAT = "dwarf-with-dsym";
				ENABLE_NS_ASSERTIONS = NO;
				ENABLE_STRICT_OBJC_MSGSEND = YES;
				GCC_C_LANGUAGE_STANDARD = gnu11;
				GCC_NO_COMMON_BLOCKS = YES;
				GCC_WARN_64_TO_32_BIT_CONVERSION = YES;
				GCC_WARN_ABOUT_RETURN_TYPE = YES_ERROR;
				GCC_WARN_UNDECLARED_SELECTOR = YES;
				GCC_WARN_UNINITIALIZED_AUTOS = YES_AGGRESSIVE;
				GCC_WARN_UNUSED_FUNCTION = YES;
				GCC_WARN_UNUSED_VARIABLE = YES;
				IPHONEOS_DEPLOYMENT_TARGET = 15.5;
				MTL_ENABLE_DEBUG_INFO = NO;
				MTL_FAST_MATH = YES;
				SDKROOT = iphoneos;
				SWIFT_COMPILATION_MODE = wholemodule;
				SWIFT_OPTIMIZATION_LEVEL = "-O";
				VALIDATE_PRODUCT = YES;
			};
			name = Release;
		};
		C79AF02D287F750B000672B0 /* Debug */ = {
			isa = XCBuildConfiguration;
			buildSettings = {
				ASSETCATALOG_COMPILER_APPICON_NAME = AppIcon;
				ASSETCATALOG_COMPILER_GLOBAL_ACCENT_COLOR_NAME = AccentColor;
				CODE_SIGN_STYLE = Automatic;
				CURRENT_PROJECT_VERSION = 1;
				DEVELOPMENT_TEAM = 7YXV5KMMJM;
				GENERATE_INFOPLIST_FILE = YES;
				INFOPLIST_FILE = Planning/Info.plist;
				INFOPLIST_KEY_UIApplicationSupportsIndirectInputEvents = YES;
				INFOPLIST_KEY_UILaunchStoryboardName = LaunchScreen;
				INFOPLIST_KEY_UIMainStoryboardFile = Main;
				INFOPLIST_KEY_UISupportedInterfaceOrientations_iPad = "UIInterfaceOrientationPortrait UIInterfaceOrientationPortraitUpsideDown UIInterfaceOrientationLandscapeLeft UIInterfaceOrientationLandscapeRight";
				INFOPLIST_KEY_UISupportedInterfaceOrientations_iPhone = "UIInterfaceOrientationPortrait UIInterfaceOrientationLandscapeLeft UIInterfaceOrientationLandscapeRight";
				LD_RUNPATH_SEARCH_PATHS = (
					"$(inherited)",
					"@executable_path/Frameworks",
				);
				MARKETING_VERSION = 1.0;
				PRODUCT_BUNDLE_IDENTIFIER = com.TheWing.Planning;
				PRODUCT_NAME = "$(TARGET_NAME)";
				SWIFT_EMIT_LOC_STRINGS = YES;
				SWIFT_VERSION = 5.0;
				TARGETED_DEVICE_FAMILY = "1,2";
			};
			name = Debug;
		};
		C79AF02E287F750B000672B0 /* Release */ = {
			isa = XCBuildConfiguration;
			buildSettings = {
				ASSETCATALOG_COMPILER_APPICON_NAME = AppIcon;
				ASSETCATALOG_COMPILER_GLOBAL_ACCENT_COLOR_NAME = AccentColor;
				CODE_SIGN_STYLE = Automatic;
				CURRENT_PROJECT_VERSION = 1;
				DEVELOPMENT_TEAM = 7YXV5KMMJM;
				GENERATE_INFOPLIST_FILE = YES;
				INFOPLIST_FILE = Planning/Info.plist;
				INFOPLIST_KEY_UIApplicationSupportsIndirectInputEvents = YES;
				INFOPLIST_KEY_UILaunchStoryboardName = LaunchScreen;
				INFOPLIST_KEY_UIMainStoryboardFile = Main;
				INFOPLIST_KEY_UISupportedInterfaceOrientations_iPad = "UIInterfaceOrientationPortrait UIInterfaceOrientationPortraitUpsideDown UIInterfaceOrientationLandscapeLeft UIInterfaceOrientationLandscapeRight";
				INFOPLIST_KEY_UISupportedInterfaceOrientations_iPhone = "UIInterfaceOrientationPortrait UIInterfaceOrientationLandscapeLeft UIInterfaceOrientationLandscapeRight";
				LD_RUNPATH_SEARCH_PATHS = (
					"$(inherited)",
					"@executable_path/Frameworks",
				);
				MARKETING_VERSION = 1.0;
				PRODUCT_BUNDLE_IDENTIFIER = com.TheWing.Planning;
				PRODUCT_NAME = "$(TARGET_NAME)";
				SWIFT_EMIT_LOC_STRINGS = YES;
				SWIFT_VERSION = 5.0;
				TARGETED_DEVICE_FAMILY = "1,2";
			};
			name = Release;
		};
/* End XCBuildConfiguration section */

/* Begin XCConfigurationList section */
		C725FD11288EE4F700BA4D5B /* Build configuration list for PBXNativeTarget "EssentialFeedTests" */ = {
			isa = XCConfigurationList;
			buildConfigurations = (
				C725FD12288EE4F700BA4D5B /* Debug */,
				C725FD13288EE4F700BA4D5B /* Release */,
			);
			defaultConfigurationIsVisible = 0;
			defaultConfigurationName = Release;
		};
		C725FD22288F018800BA4D5B /* Build configuration list for PBXNativeTarget "PlanningTests" */ = {
			isa = XCConfigurationList;
			buildConfigurations = (
				C725FD23288F018800BA4D5B /* Debug */,
				C725FD24288F018800BA4D5B /* Release */,
			);
			defaultConfigurationIsVisible = 0;
			defaultConfigurationName = Release;
		};
		C725FD412899725700BA4D5B /* Build configuration list for PBXNativeTarget "EssentialFeedAPIEndToEndTests" */ = {
			isa = XCConfigurationList;
			buildConfigurations = (
				C725FD422899725700BA4D5B /* Debug */,
				C725FD432899725700BA4D5B /* Release */,
			);
			defaultConfigurationIsVisible = 0;
			defaultConfigurationName = Release;
		};
		C79AF013287F7508000672B0 /* Build configuration list for PBXProject "Planning" */ = {
			isa = XCConfigurationList;
			buildConfigurations = (
				C79AF02A287F750B000672B0 /* Debug */,
				C79AF02B287F750B000672B0 /* Release */,
			);
			defaultConfigurationIsVisible = 0;
			defaultConfigurationName = Release;
		};
		C79AF02C287F750B000672B0 /* Build configuration list for PBXNativeTarget "Planning" */ = {
			isa = XCConfigurationList;
			buildConfigurations = (
				C79AF02D287F750B000672B0 /* Debug */,
				C79AF02E287F750B000672B0 /* Release */,
			);
			defaultConfigurationIsVisible = 0;
			defaultConfigurationName = Release;
		};
/* End XCConfigurationList section */
	};
	rootObject = C79AF010287F7508000672B0 /* Project object */;
}
